<?xml version="1.0" encoding="utf-8"?>
<Project ToolsVersion="4.0" xmlns="http://schemas.microsoft.com/developer/msbuild/2003">
  <ItemGroup>
    <ClInclude Include="src\alice\MODEL.h">
      <Filter>MVC</Filter>
    </ClInclude>
    <ClInclude Include="src\alice\Controller.h">
      <Filter>MVC</Filter>
    </ClInclude>
    <ClInclude Include="src\alice\utilities.h">
      <Filter>MVC</Filter>
    </ClInclude>
    <ClInclude Include="src\alice\object.h">
      <Filter>MVC</Filter>
    </ClInclude>
    <ClInclude Include="..\..\ZSPACE\cpp\depends\lodePNG\lodepng.h">
      <Filter>depends</Filter>
    </ClInclude>
    <ClInclude Include="..\..\ZSPACE\cpp\depends\alglib\cpp\src\alglibinternal.h">
      <Filter>depends\alglib</Filter>
    </ClInclude>
    <ClInclude Include="..\..\ZSPACE\cpp\depends\alglib\cpp\src\alglibmisc.h">
      <Filter>depends\alglib</Filter>
    </ClInclude>
    <ClInclude Include="..\..\ZSPACE\cpp\depends\alglib\cpp\src\ap.h">
      <Filter>depends\alglib</Filter>
    </ClInclude>
    <ClInclude Include="..\..\ZSPACE\cpp\depends\alglib\cpp\src\dataanalysis.h">
      <Filter>depends\alglib</Filter>
    </ClInclude>
    <ClInclude Include="..\..\ZSPACE\cpp\depends\alglib\cpp\src\diffequations.h">
      <Filter>depends\alglib</Filter>
    </ClInclude>
    <ClInclude Include="..\..\ZSPACE\cpp\depends\alglib\cpp\src\fasttransforms.h">
      <Filter>depends\alglib</Filter>
    </ClInclude>
    <ClInclude Include="..\..\ZSPACE\cpp\depends\alglib\cpp\src\integration.h">
      <Filter>depends\alglib</Filter>
    </ClInclude>
    <ClInclude Include="..\..\ZSPACE\cpp\depends\alglib\cpp\src\interpolation.h">
      <Filter>depends\alglib</Filter>
    </ClInclude>
    <ClInclude Include="..\..\ZSPACE\cpp\depends\alglib\cpp\src\linalg.h">
      <Filter>depends\alglib</Filter>
    </ClInclude>
    <ClInclude Include="..\..\ZSPACE\cpp\depends\alglib\cpp\src\optimization.h">
      <Filter>depends\alglib</Filter>
    </ClInclude>
    <ClInclude Include="..\..\ZSPACE\cpp\depends\alglib\cpp\src\solvers.h">
      <Filter>depends\alglib</Filter>
    </ClInclude>
    <ClInclude Include="..\..\ZSPACE\cpp\depends\alglib\cpp\src\specialfunctions.h">
      <Filter>depends\alglib</Filter>
    </ClInclude>
    <ClInclude Include="..\..\ZSPACE\cpp\depends\alglib\cpp\src\statistics.h">
      <Filter>depends\alglib</Filter>
    </ClInclude>
    <ClInclude Include="..\..\ZSPACE\cpp\depends\alglib\cpp\src\stdafx.h">
      <Filter>depends\alglib</Filter>
    </ClInclude>
  </ItemGroup>
  <ItemGroup>
    <Filter Include="MVC">
      <UniqueIdentifier>{363452be-02d7-4398-854d-90ea253cf8b3}</UniqueIdentifier>
    </Filter>
    <Filter Include="sketches">
      <UniqueIdentifier>{dfe276a7-c952-46e1-ad86-ed6a53e78ab0}</UniqueIdentifier>
    </Filter>
    <Filter Include="sketches\sketch_empty">
      <UniqueIdentifier>{d2babdba-8290-4b48-a107-8a34e7617721}</UniqueIdentifier>
    </Filter>
    <Filter Include="depends">
      <UniqueIdentifier>{a45ffa2a-58cf-4fbb-93ca-f4923b68459f}</UniqueIdentifier>
    </Filter>
    <Filter Include="depends\alglib">
      <UniqueIdentifier>{bbbb67b5-8553-4d9d-8424-afea3b4dd5fe}</UniqueIdentifier>
    </Filter>
  </ItemGroup>
  <ItemGroup>
    <ClCompile Include="src\userSrc\sketch_zSpace_mesh_coloring.cpp">
      <Filter>sketches</Filter>
    </ClCompile>
    <ClCompile Include="src\userSrc\sketch_zSpace_shortestPath.cpp">
      <Filter>sketches</Filter>
    </ClCompile>
    <ClCompile Include="src\userSrc\sketch_zSpace_smoothing.cpp">
      <Filter>sketches</Filter>
    </ClCompile>
    <ClCompile Include="src\userSrc\sketch_zSpace_testHOnly.cpp">
      <Filter>sketches</Filter>
    </ClCompile>
    <ClCompile Include="src\userSrc\sketch_zSpace_WalkAnimate.cpp">
      <Filter>sketches</Filter>
    </ClCompile>
    <ClCompile Include="src\userSrc\sketch_zSpace_empty.cpp">
      <Filter>sketches\sketch_empty</Filter>
    </ClCompile>
    <ClCompile Include="src\userSrc\sketch_zSpace_honduras_slope_traversal_0_3.cpp">
      <Filter>sketches</Filter>
    </ClCompile>
    <ClCompile Include="src\userSrc\sketch_zSpace_honduras_slope_traversal_0_2.cpp">
      <Filter>sketches</Filter>
    </ClCompile>
    <ClCompile Include="src\userSrc\sketch_zSpace_honduras_slope_traversal_0_4.cpp">
      <Filter>sketches</Filter>
    </ClCompile>
    <ClCompile Include="src\userSrc\sketch_zSpace_honduras_perlinNoise.cpp">
      <Filter>sketches</Filter>
    </ClCompile>
    <ClCompile Include="src\userSrc\sketch_zSpace_polytopal_0_1.cpp">
      <Filter>sketches</Filter>
    </ClCompile>
    <ClCompile Include="src\userSrc\sketch_zSpace_polytopal_0_2.cpp">
      <Filter>sketches</Filter>
    </ClCompile>
    <ClCompile Include="src\userSrc\sketch_zSpace_polytopal_0_3.cpp">
      <Filter>sketches</Filter>
    </ClCompile>
    <ClCompile Include="src\userSrc\sketch_zSpace_facadeExtrude_0_1.cpp">
      <Filter>sketches</Filter>
    </ClCompile>
    <ClCompile Include="src\userSrc\sketch_zSpace_facadeExtrude_0_2.cpp">
      <Filter>sketches</Filter>
    </ClCompile>
    <ClCompile Include="src\userSrc\sketch_zSpace_facadeExtrude_0_3.cpp">
      <Filter>sketches</Filter>
    </ClCompile>
    <ClCompile Include="src\userSrc\sketch_zSpace_Dual.cpp">
      <Filter>sketches</Filter>
    </ClCompile>
    <ClCompile Include="src\userSrc\sketch_zSpace_facadeExtrude_0_4.cpp">
      <Filter>sketches</Filter>
    </ClCompile>
    <ClCompile Include="src\userSrc\sketch_zSpace_polytopal_0_4.cpp">
      <Filter>sketches</Filter>
    </ClCompile>
    <ClCompile Include="src\userSrc\sketch_zSpace_FDM_Mesh.cpp">
      <Filter>sketches</Filter>
    </ClCompile>
    <ClCompile Include="src\userSrc\sketch_zSpace_TNA_Stairs.cpp">
      <Filter>sketches</Filter>
    </ClCompile>
    <ClCompile Include="src\userSrc\sketch_zSpace_facadeExtrude_0_5.cpp">
      <Filter>sketches</Filter>
    </ClCompile>
    <ClCompile Include="src\userSrc\sketch_zSpace_facadeExtrude_eigen.cpp">
      <Filter>sketches</Filter>
    </ClCompile>
    <ClCompile Include="src\userSrc\sketch_zSpace_laplacian_eigen_0_1.cpp">
      <Filter>sketches</Filter>
    </ClCompile>
    <ClCompile Include="src\userSrc\sketch_zSpace_laplacian_eigen_0_2.cpp">
      <Filter>sketches</Filter>
    </ClCompile>
    <ClCompile Include="src\userSrc\sketch_zSpace_frep_tester.cpp">
      <Filter>sketches</Filter>
    </ClCompile>
    <ClCompile Include="src\userSrc\sketch_zSpace_graph_frep_0_2.cpp">
      <Filter>sketches</Filter>
    </ClCompile>
    <ClCompile Include="src\userSrc\sketch_zSpace_graph_frep_0_1.cpp">
      <Filter>sketches</Filter>
    </ClCompile>
    <ClCompile Include="src\userSrc\sketch_zSpace_transformation.cpp">
      <Filter>sketches</Filter>
    </ClCompile>
    <ClCompile Include="src\userSrc\sketch_zSpace_polytopal_0_5.cpp">
      <Filter>sketches</Filter>
    </ClCompile>
    <ClCompile Include="src\userSrc\sketch_zSpace_RREF.cpp">
      <Filter>sketches</Filter>
    </ClCompile>
    <ClCompile Include="src\userSrc\sketch_zSpace_RREF_simple.cpp">
      <Filter>sketches</Filter>
    </ClCompile>
    <ClCompile Include="src\userSrc\sketch_zSpace_graph_to_plan.cpp">
      <Filter>sketches</Filter>
    </ClCompile>
    <ClCompile Include="src\userSrc\sketch_zSpace_colored_graph.cpp">
      <Filter>sketches</Filter>
    </ClCompile>
    <ClCompile Include="src\userSrc\sketch_zSpace_Robot_NACHI.cpp">
      <Filter>sketches</Filter>
    </ClCompile>
    <ClCompile Include="src\userSrc\sketch_zSpace_acadia_ws_sandbox.cpp">
      <Filter>sketches</Filter>
    </ClCompile>
    <ClCompile Include="src\userSrc\sketch_zSpace_acadia_ws_dataset.cpp">
      <Filter>sketches</Filter>
    </ClCompile>
    <ClCompile Include="..\..\ZSPACE\cpp\depends\lodePNG\lodepng.cpp">
      <Filter>depends</Filter>
    </ClCompile>
    <ClCompile Include="src\userSrc\sketch_zSpace_catmul_clark.cpp">
      <Filter>sketches</Filter>
    </ClCompile>
    <ClCompile Include="src\userSrc\sketch_zSpace_graph_to_polyhedra_0_1.cpp">
      <Filter>sketches</Filter>
    </ClCompile>
    <ClCompile Include="src\userSrc\sketch_zSpace_graph_to_polyhedra_0_2.cpp">
      <Filter>sketches</Filter>
    </ClCompile>
    <ClCompile Include="src\userSrc\sketch_zSpace_sandbox.cpp">
      <Filter>sketches</Filter>
    </ClCompile>
    <ClCompile Include="..\..\ZSPACE\cpp\depends\alglib\cpp\src\alglibinternal.cpp">
      <Filter>depends\alglib</Filter>
    </ClCompile>
    <ClCompile Include="..\..\ZSPACE\cpp\depends\alglib\cpp\src\alglibmisc.cpp">
      <Filter>depends\alglib</Filter>
    </ClCompile>
    <ClCompile Include="..\..\ZSPACE\cpp\depends\alglib\cpp\src\ap.cpp">
      <Filter>depends\alglib</Filter>
    </ClCompile>
    <ClCompile Include="..\..\ZSPACE\cpp\depends\alglib\cpp\src\dataanalysis.cpp">
      <Filter>depends\alglib</Filter>
    </ClCompile>
    <ClCompile Include="..\..\ZSPACE\cpp\depends\alglib\cpp\src\diffequations.cpp">
      <Filter>depends\alglib</Filter>
    </ClCompile>
    <ClCompile Include="..\..\ZSPACE\cpp\depends\alglib\cpp\src\fasttransforms.cpp">
      <Filter>depends\alglib</Filter>
    </ClCompile>
    <ClCompile Include="..\..\ZSPACE\cpp\depends\alglib\cpp\src\integration.cpp">
      <Filter>depends\alglib</Filter>
    </ClCompile>
    <ClCompile Include="..\..\ZSPACE\cpp\depends\alglib\cpp\src\interpolation.cpp">
      <Filter>depends\alglib</Filter>
    </ClCompile>
    <ClCompile Include="..\..\ZSPACE\cpp\depends\alglib\cpp\src\linalg.cpp">
      <Filter>depends\alglib</Filter>
    </ClCompile>
    <ClCompile Include="..\..\ZSPACE\cpp\depends\alglib\cpp\src\optimization.cpp">
      <Filter>depends\alglib</Filter>
    </ClCompile>
    <ClCompile Include="..\..\ZSPACE\cpp\depends\alglib\cpp\src\solvers.cpp">
      <Filter>depends\alglib</Filter>
    </ClCompile>
    <ClCompile Include="..\..\ZSPACE\cpp\depends\alglib\cpp\src\specialfunctions.cpp">
      <Filter>depends\alglib</Filter>
    </ClCompile>
    <ClCompile Include="..\..\ZSPACE\cpp\depends\alglib\cpp\src\statistics.cpp">
      <Filter>depends\alglib</Filter>
    </ClCompile>
    <ClCompile Include="src\userSrc\sketch_zSpace_graph_to_polyhedra_0_3.cpp">
      <Filter>sketches</Filter>
    </ClCompile>
    <ClCompile Include="src\userSrc\sketch_zSpace_graph_to_polyhedra_0_4.cpp">
      <Filter>sketches</Filter>
    </ClCompile>
  </ItemGroup>
</Project>